
Microsoft Visual Studio Solution File, Format Version 12.00
# Visual Studio Version 17
VisualStudioVersion = 17.7.34031.279
MinimumVisualStudioVersion = 10.0.40219.1
Project("{9A19103F-16F7-4668-BE54-9A1E7A4F7556}") = "ProductionAccounting.Api", "ProductionAccounting\ProductionAccounting.Api.csproj", "{E1C9A26A-6843-498A-9042-E9FC0BA65E91}"
EndProject
Project("{9A19103F-16F7-4668-BE54-9A1E7A4F7556}") = "ProductionAccounting.DataAccess", "ProductionAccounting.DataAccess\ProductionAccounting.DataAccess.csproj", "{E51FBD6F-4D17-4465-B5BA-7B09FABE843F}"
EndProject
Project("{9A19103F-16F7-4668-BE54-9A1E7A4F7556}") = "ProductionAccounting.Application", "ProductionAccounting.Business\ProductionAccounting.Application.csproj", "{854AF3D0-D9EB-41B6-89E7-9490C221BEE0}"
EndProject
Project("{9A19103F-16F7-4668-BE54-9A1E7A4F7556}") = "ProductionAccounting.Core", "ProductionAccounting.Core\ProductionAccounting.Core.csproj", "{4D4B264C-B850-4BB3-A9E3-6C0A103E5A05}"
EndProject
Project("{FAE04EC0-301F-11D3-BF4B-00C04F79EFBC}") = "LoggerService", "LoggerService\LoggerService.csproj", "{3205F78B-BBF9-47FB-A191-B470BDD18911}"
EndProject
Global
	GlobalSection(SolutionConfigurationPlatforms) = preSolution
		Debug|Any CPU = Debug|Any CPU
		Release|Any CPU = Release|Any CPU
	EndGlobalSection
	GlobalSection(ProjectConfigurationPlatforms) = postSolution
		{E1C9A26A-6843-498A-9042-E9FC0BA65E91}.Debug|Any CPU.ActiveCfg = Debug|Any CPU
		{E1C9A26A-6843-498A-9042-E9FC0BA65E91}.Debug|Any CPU.Build.0 = Debug|Any CPU
		{E1C9A26A-6843-498A-9042-E9FC0BA65E91}.Release|Any CPU.ActiveCfg = Release|Any CPU
		{E1C9A26A-6843-498A-9042-E9FC0BA65E91}.Release|Any CPU.Build.0 = Release|Any CPU
		{E51FBD6F-4D17-4465-B5BA-7B09FABE843F}.Debug|Any CPU.ActiveCfg = Debug|Any CPU
		{E51FBD6F-4D17-4465-B5BA-7B09FABE843F}.Debug|Any CPU.Build.0 = Debug|Any CPU
		{E51FBD6F-4D17-4465-B5BA-7B09FABE843F}.Release|Any CPU.ActiveCfg = Release|Any CPU
		{E51FBD6F-4D17-4465-B5BA-7B09FABE843F}.Release|Any CPU.Build.0 = Release|Any CPU
		{854AF3D0-D9EB-41B6-89E7-9490C221BEE0}.Debug|Any CPU.ActiveCfg = Debug|Any CPU
		{854AF3D0-D9EB-41B6-89E7-9490C221BEE0}.Debug|Any CPU.Build.0 = Debug|Any CPU
		{854AF3D0-D9EB-41B6-89E7-9490C221BEE0}.Release|Any CPU.ActiveCfg = Release|Any CPU
		{854AF3D0-D9EB-41B6-89E7-9490C221BEE0}.Release|Any CPU.Build.0 = Release|Any CPU
		{4D4B264C-B850-4BB3-A9E3-6C0A103E5A05}.Debug|Any CPU.ActiveCfg = Debug|Any CPU
		{4D4B264C-B850-4BB3-A9E3-6C0A103E5A05}.Debug|Any CPU.Build.0 = Debug|Any CPU
		{4D4B264C-B850-4BB3-A9E3-6C0A103E5A05}.Release|Any CPU.ActiveCfg = Release|Any CPU
		{4D4B264C-B850-4BB3-A9E3-6C0A103E5A05}.Release|Any CPU.Build.0 = Release|Any CPU
		{3205F78B-BBF9-47FB-A191-B470BDD18911}.Debug|Any CPU.ActiveCfg = Debug|Any CPU
		{3205F78B-BBF9-47FB-A191-B470BDD18911}.Debug|Any CPU.Build.0 = Debug|Any CPU
		{3205F78B-BBF9-47FB-A191-B470BDD18911}.Release|Any CPU.ActiveCfg = Release|Any CPU
		{3205F78B-BBF9-47FB-A191-B470BDD18911}.Release|Any CPU.Build.0 = Release|Any CPU
	EndGlobalSection
	GlobalSection(SolutionProperties) = preSolution
		HideSolutionNode = FALSE
	EndGlobalSection
	GlobalSection(ExtensibilityGlobals) = postSolution
		SolutionGuid = {DCB22D3D-DDC5-468B-9A38-D7B2A7D57D4F}
	EndGlobalSection
EndGlobal
